
Microsoft Visual Studio Solution File, Format Version 12.00
# Visual Studio Version 17
VisualStudioVersion = 17.1.32328.378
MinimumVisualStudioVersion = 10.0.40219.1
Project("{9A19103F-16F7-4668-BE54-9A1E7A4F7556}") = "Algoritmit", "ConsoleApp2\Algoritmit.csproj", "{A1384A7B-E363-4D3C-8C41-70BA46153237}"
EndProject
Global
	GlobalSection(SolutionConfigurationPlatforms) = preSolution
		Debug|Any CPU = Debug|Any CPU
		Release|Any CPU = Release|Any CPU
	EndGlobalSection
	GlobalSection(ProjectConfigurationPlatforms) = postSolution
		{A1384A7B-E363-4D3C-8C41-70BA46153237}.Debug|Any CPU.ActiveCfg = Debug|Any CPU
		{A1384A7B-E363-4D3C-8C41-70BA46153237}.Debug|Any CPU.Build.0 = Debug|Any CPU
		{A1384A7B-E363-4D3C-8C41-70BA46153237}.Release|Any CPU.ActiveCfg = Release|Any CPU
		{A1384A7B-E363-4D3C-8C41-70BA46153237}.Release|Any CPU.Build.0 = Release|Any CPU
	EndGlobalSection
	GlobalSection(SolutionProperties) = preSolution
		HideSolutionNode = FALSE
	EndGlobalSection
	GlobalSection(ExtensibilityGlobals) = postSolution
		SolutionGuid = {135173A1-1903-4BD8-91C9-24AD9A9AF3E6}
	EndGlobalSection
EndGlobal
